{
  "name": "modelacion-optimizacion-vr",
  "version": "1.0.0",
  "lockfileVersion": 3,
  "requires": true,
  "packages": {
    "": {
      "name": "modelacion-optimizacion-vr",
      "version": "1.0.0",
      "dependencies": {
        "three": "^0.186.1"
      },
      "devDependencies": {
        "iwer": "^2.5.0"
      }
    },
    "node_modules/gl-matrix": {
      "version": "3.4.4",
      "resolved": "https://registry.npmjs.org/gl-matrix/-/gl-matrix-3.4.4.tgz",
      "integrity": "sha512-latSnyDNt/8zYUB6VIJ6PCh2jBjJX6gnDsoCZ7LyW7GkqrD51EWwa9qCoGixj8YqBtETQK/xY7OmpTF8xz1DdQ==",
      "dev": true,
      "license": "MIT"
    },
    "node_modules/iwer": {
      "version": "2.5.0",
      "resolved": "https://registry.npmjs.org/iwer/-/iwer-2.5.0.tgz",
      "integrity": "sha512-grq7iMyWo4s2DYnATKLPPoAByhcNuwLjMHHOILrFU9q8EGHIEzHyUuq1mz+9Xqy6+xrYPn3Ho8Z9eymZCE+D6w==",
      "dev": true,
      "license": "MIT",
      "dependencies": {
        "gl-matrix": "^3.4.4",
        "webxr-layers-polyfill": "^1.1.0"
      }
    },
    "node_modules/three": {
      "version": "0.186.1",
      "resolved": "https://registry.npmjs.org/three/-/three-0.186.1.tgz",
      "integrity": "sha512-blFeqb49wRCSGUGj7gtpfnSGHy2lwDk94RhUmS1c/hTby70kvChbWpkJ4Pm1390LqzzvTmzgXKHPEafJwCb8jA==",
      "license": "MIT"
    },
    "node_modules/webxr-layers-polyfill": {
      "version": "1.1.0",
      "resolved": "https://registry.npmjs.org/webxr-layers-polyfill/-/webxr-layers-polyfill-1.1.0.tgz",
      "integrity": "sha512-GqWE6IFlut8a1Lnh9t1RPnOXud1rZ7wLPvWp7mqTDOYtgorXqlNMhEnI9EqjU33grBx0v3jm0Oc13opkAdmgMQ==",
      "dev": true,
      "license": "Apache-2.0",
      "dependencies": {
        "gl-matrix": "^3.4.3"
      }
    }
  }
}
